
Microsoft Visual Studio Solution File, Format Version 12.00
# Visual Studio Version 17
VisualStudioVersion = 17.0.32126.317
MinimumVisualStudioVersion = 10.0.40219.1
Project("{FAE04EC0-301F-11D3-BF4B-00C04F79EFBC}") = "Login and Registration System", "Login and Registration System\Login and Registration System.csproj", "{046E1D48-51F9-492B-9507-E5C2A87DBF00}"
EndProject
Global
	GlobalSection(SolutionConfigurationPlatforms) = preSolution
		Debug|Any CPU = Debug|Any CPU
		Release|Any CPU = Release|Any CPU
	EndGlobalSection
	GlobalSection(ProjectConfigurationPlatforms) = postSolution
		{046E1D48-51F9-492B-9507-E5C2A87DBF00}.Debug|Any CPU.ActiveCfg = Debug|Any CPU
		{046E1D48-51F9-492B-9507-E5C2A87DBF00}.Debug|Any CPU.Build.0 = Debug|Any CPU
		{046E1D48-51F9-492B-9507-E5C2A87DBF00}.Release|Any CPU.ActiveCfg = Release|Any CPU
		{046E1D48-51F9-492B-9507-E5C2A87DBF00}.Release|Any CPU.Build.0 = Release|Any CPU
	EndGlobalSection
	GlobalSection(SolutionProperties) = preSolution
		HideSolutionNode = FALSE
	EndGlobalSection
	GlobalSection(ExtensibilityGlobals) = postSolution
		SolutionGuid = {0417BA5B-C334-4AFB-B197-DF8CC6AC187B}
	EndGlobalSection
EndGlobal
